// !$*UTF8*$!
{
	archiveVersion = 1;
	classes = {
	};
	objectVersion = 56;
	objects = {

/* Begin PBXBuildFile section */
		7BE939F42943DB7C008C2726 /* PomodroTimerApp.swift in Sources */ = {isa = PBXBuildFile; fileRef = 7BE939F32943DB7C008C2726 /* PomodroTimerApp.swift */; };
		7BE939F62943DB7C008C2726 /* ContentView.swift in Sources */ = {isa = PBXBuildFile; fileRef = 7BE939F52943DB7C008C2726 /* ContentView.swift */; };
		7BE939F82943DB7E008C2726 /* Assets.xcassets in Resources */ = {isa = PBXBuildFile; fileRef = 7BE939F72943DB7E008C2726 /* Assets.xcassets */; };
		7BE939FB2943DB7E008C2726 /* Preview Assets.xcassets in Resources */ = {isa = PBXBuildFile; fileRef = 7BE939FA2943DB7E008C2726 /* Preview Assets.xcassets */; };
		7BE939FD2943DB7E008C2726 /* Persistence.swift in Sources */ = {isa = PBXBuildFile; fileRef = 7BE939FC2943DB7E008C2726 /* Persistence.swift */; };
		7BE93A002943DB7E008C2726 /* PomodroTimer.xcdatamodeld in Sources */ = {isa = PBXBuildFile; fileRef = 7BE939FE2943DB7E008C2726 /* PomodroTimer.xcdatamodeld */; };
		7BE93A0A2943DB7E008C2726 /* PomodroTimerTests.swift in Sources */ = {isa = PBXBuildFile; fileRef = 7BE93A092943DB7E008C2726 /* PomodroTimerTests.swift */; };
		7BE93A142943DB7E008C2726 /* PomodroTimerUITests.swift in Sources */ = {isa = PBXBuildFile; fileRef = 7BE93A132943DB7E008C2726 /* PomodroTimerUITests.swift */; };
		7BE93A162943DB7E008C2726 /* PomodroTimerUITestsLaunchTests.swift in Sources */ = {isa = PBXBuildFile; fileRef = 7BE93A152943DB7E008C2726 /* PomodroTimerUITestsLaunchTests.swift */; };
/* End PBXBuildFile section */

/* Begin PBXContainerItemProxy section */
		7BE93A062943DB7E008C2726 /* PBXContainerItemProxy */ = {
			isa = PBXContainerItemProxy;
			containerPortal = 7BE939E82943DB7C008C2726 /* Project object */;
			proxyType = 1;
			remoteGlobalIDString = 7BE939EF2943DB7C008C2726;
			remoteInfo = PomodroTimer;
		};
		7BE93A102943DB7E008C2726 /* PBXContainerItemProxy */ = {
			isa = PBXContainerItemProxy;
			containerPortal = 7BE939E82943DB7C008C2726 /* Project object */;
			proxyType = 1;
			remoteGlobalIDString = 7BE939EF2943DB7C008C2726;
			remoteInfo = PomodroTimer;
		};
/* End PBXContainerItemProxy section */

/* Begin PBXFileReference section */
		7BE939F02943DB7C008C2726 /* PomodroTimer.app */ = {isa = PBXFileReference; explicitFileType = wrapper.application; includeInIndex = 0; path = PomodroTimer.app; sourceTree = BUILT_PRODUCTS_DIR; };
		7BE939F32943DB7C008C2726 /* PomodroTimerApp.swift */ = {isa = PBXFileReference; lastKnownFileType = sourcecode.swift; path = PomodroTimerApp.swift; sourceTree = "<group>"; };
		7BE939F52943DB7C008C2726 /* ContentView.swift */ = {isa = PBXFileReference; lastKnownFileType = sourcecode.swift; path = ContentView.swift; sourceTree = "<group>"; };
		7BE939F72943DB7E008C2726 /* Assets.xcassets */ = {isa = PBXFileReference; lastKnownFileType = folder.assetcatalog; path = Assets.xcassets; sourceTree = "<group>"; };
		7BE939FA2943DB7E008C2726 /* Preview Assets.xcassets */ = {isa = PBXFileReference; lastKnownFileType = folder.assetcatalog; path = "Preview Assets.xcassets"; sourceTree = "<group>"; };
		7BE939FC2943DB7E008C2726 /* Persistence.swift */ = {isa = PBXFileReference; lastKnownFileType = sourcecode.swift; path = Persistence.swift; sourceTree = "<group>"; };
		7BE939FF2943DB7E008C2726 /* PomodroTimer.xcdatamodel */ = {isa = PBXFileReference; lastKnownFileType = wrapper.xcdatamodel; path = PomodroTimer.xcdatamodel; sourceTree = "<group>"; };
		7BE93A052943DB7E008C2726 /* PomodroTimerTests.xctest */ = {isa = PBXFileReference; explicitFileType = wrapper.cfbundle; includeInIndex = 0; path = PomodroTimerTests.xctest; sourceTree = BUILT_PRODUCTS_DIR; };
		7BE93A092943DB7E008C2726 /* PomodroTimerTests.swift */ = {isa = PBXFileReference; lastKnownFileType = sourcecode.swift; path = PomodroTimerTests.swift; sourceTree = "<group>"; };
		7BE93A0F2943DB7E008C2726 /* PomodroTimerUITests.xctest */ = {isa = PBXFileReference; explicitFileType = wrapper.cfbundle; includeInIndex = 0; path = PomodroTimerUITests.xctest; sourceTree = BUILT_PRODUCTS_DIR; };
		7BE93A132943DB7E008C2726 /* PomodroTimerUITests.swift */ = {isa = PBXFileReference; lastKnownFileType = sourcecode.swift; path = PomodroTimerUITests.swift; sourceTree = "<group>"; };
		7BE93A152943DB7E008C2726 /* PomodroTimerUITestsLaunchTests.swift */ = {isa = PBXFileReference; lastKnownFileType = sourcecode.swift; path = PomodroTimerUITestsLaunchTests.swift; sourceTree = "<group>"; };
/* End PBXFileReference section */

/* Begin PBXFrameworksBuildPhase section */
		7BE939ED2943DB7C008C2726 /* Frameworks */ = {
			isa = PBXFrameworksBuildPhase;
			buildActionMask = 2147483647;
			files = (
			);
			runOnlyForDeploymentPostprocessing = 0;
		};
		7BE93A022943DB7E008C2726 /* Frameworks */ = {
			isa = PBXFrameworksBuildPhase;
			buildActionMask = 2147483647;
			files = (
			);
			runOnlyForDeploymentPostprocessing = 0;
		};
		7BE93A0C2943DB7E008C2726 /* Frameworks */ = {
			isa = PBXFrameworksBuildPhase;
			buildActionMask = 2147483647;
			files = (
			);
			runOnlyForDeploymentPostprocessing = 0;
		};
/* End PBXFrameworksBuildPhase section */

/* Begin PBXGroup section */
		7BE939E72943DB7C008C2726 = {
			isa = PBXGroup;
			children = (
				7BE939F22943DB7C008C2726 /* PomodroTimer */,
				7BE93A082943DB7E008C2726 /* PomodroTimerTests */,
				7BE93A122943DB7E008C2726 /* PomodroTimerUITests */,
				7BE939F12943DB7C008C2726 /* Products */,
			);
			sourceTree = "<group>";
		};
		7BE939F12943DB7C008C2726 /* Products */ = {
			isa = PBXGroup;
			children = (
				7BE939F02943DB7C008C2726 /* PomodroTimer.app */,
				7BE93A052943DB7E008C2726 /* PomodroTimerTests.xctest */,
				7BE93A0F2943DB7E008C2726 /* PomodroTimerUITests.xctest */,
			);
			name = Products;
			sourceTree = "<group>";
		};
		7BE939F22943DB7C008C2726 /* PomodroTimer */ = {
			isa = PBXGroup;
			children = (
				7BE939F32943DB7C008C2726 /* PomodroTimerApp.swift */,
				7BE939F52943DB7C008C2726 /* ContentView.swift */,
				7BE939F72943DB7E008C2726 /* Assets.xcassets */,
				7BE939FC2943DB7E008C2726 /* Persistence.swift */,
				7BE939FE2943DB7E008C2726 /* PomodroTimer.xcdatamodeld */,
				7BE939F92943DB7E008C2726 /* Preview Content */,
			);
			path = PomodroTimer;
			sourceTree = "<group>";
		};
		7BE939F92943DB7E008C2726 /* Preview Content */ = {
			isa = PBXGroup;
			children = (
				7BE939FA2943DB7E008C2726 /* Preview Assets.xcassets */,
			);
			path = "Preview Content";
			sourceTree = "<group>";
		};
		7BE93A082943DB7E008C2726 /* PomodroTimerTests */ = {
			isa = PBXGroup;
			children = (
				7BE93A092943DB7E008C2726 /* PomodroTimerTests.swift */,
			);
			path = PomodroTimerTests;
			sourceTree = "<group>";
		};
		7BE93A122943DB7E008C2726 /* PomodroTimerUITests */ = {
			isa = PBXGroup;
			children = (
				7BE93A132943DB7E008C2726 /* PomodroTimerUITests.swift */,
				7BE93A152943DB7E008C2726 /* PomodroTimerUITestsLaunchTests.swift */,
			);
			path = PomodroTimerUITests;
			sourceTree = "<group>";
		};
/* End PBXGroup section */

/* Begin PBXNativeTarget section */
		7BE939EF2943DB7C008C2726 /* PomodroTimer */ = {
			isa = PBXNativeTarget;
			buildConfigurationList = 7BE93A192943DB7E008C2726 /* Build configuration list for PBXNativeTarget "PomodroTimer" */;
			buildPhases = (
				7BE939EC2943DB7C008C2726 /* Sources */,
				7BE939ED2943DB7C008C2726 /* Frameworks */,
				7BE939EE2943DB7C008C2726 /* Resources */,
			);
			buildRules = (
			);
			dependencies = (
			);
			name = PomodroTimer;
			productName = PomodroTimer;
			productReference = 7BE939F02943DB7C008C2726 /* PomodroTimer.app */;
			productType = "com.apple.product-type.application";
		};
		7BE93A042943DB7E008C2726 /* PomodroTimerTests */ = {
			isa = PBXNativeTarget;
			buildConfigurationList = 7BE93A1C2943DB7E008C2726 /* Build configuration list for PBXNativeTarget "PomodroTimerTests" */;
			buildPhases = (
				7BE93A012943DB7E008C2726 /* Sources */,
				7BE93A022943DB7E008C2726 /* Frameworks */,
				7BE93A032943DB7E008C2726 /* Resources */,
			);
			buildRules = (
			);
			dependencies = (
				7BE93A072943DB7E008C2726 /* PBXTargetDependency */,
			);
			name = PomodroTimerTests;
			productName = PomodroTimerTests;
			productReference = 7BE93A052943DB7E008C2726 /* PomodroTimerTests.xctest */;
			productType = "com.apple.product-type.bundle.unit-test";
		};
		7BE93A0E2943DB7E008C2726 /* PomodroTimerUITests */ = {
			isa = PBXNativeTarget;
			buildConfigurationList = 7BE93A1F2943DB7E008C2726 /* Build configuration list for PBXNativeTarget "PomodroTimerUITests" */;
			buildPhases = (
				7BE93A0B2943DB7E008C2726 /* Sources */,
				7BE93A0C2943DB7E008C2726 /* Frameworks */,
				7BE93A0D2943DB7E008C2726 /* Resources */,
			);
			buildRules = (
			);
			dependencies = (
				7BE93A112943DB7E008C2726 /* PBXTargetDependency */,
			);
			name = PomodroTimerUITests;
			productName = PomodroTimerUITests;
			productReference = 7BE93A0F2943DB7E008C2726 /* PomodroTimerUITests.xctest */;
			productType = "com.apple.product-type.bundle.ui-testing";
		};
/* End PBXNativeTarget section */

/* Begin PBXProject section */
		7BE939E82943DB7C008C2726 /* Project object */ = {
			isa = PBXProject;
			attributes = {
				BuildIndependentTargetsInParallel = 1;
				LastSwiftUpdateCheck = 1410;
				LastUpgradeCheck = 1410;
				TargetAttributes = {
					7BE939EF2943DB7C008C2726 = {
						CreatedOnToolsVersion = 14.1;
					};
					7BE93A042943DB7E008C2726 = {
						CreatedOnToolsVersion = 14.1;
						TestTargetID = 7BE939EF2943DB7C008C2726;
					};
					7BE93A0E2943DB7E008C2726 = {
						CreatedOnToolsVersion = 14.1;
						TestTargetID = 7BE939EF2943DB7C008C2726;
					};
				};
			};
			buildConfigurationList = 7BE939EB2943DB7C008C2726 /* Build configuration list for PBXProject "PomodroTimer" */;
			compatibilityVersion = "Xcode 14.0";
			developmentRegion = en;
			hasScannedForEncodings = 0;
			knownRegions = (
				en,
				Base,
			);
			mainGroup = 7BE939E72943DB7C008C2726;
			productRefGroup = 7BE939F12943DB7C008C2726 /* Products */;
			projectDirPath = "";
			projectRoot = "";
			targets = (
				7BE939EF2943DB7C008C2726 /* PomodroTimer */,
				7BE93A042943DB7E008C2726 /* PomodroTimerTests */,
				7BE93A0E2943DB7E008C2726 /* PomodroTimerUITests */,
			);
		};
/* End PBXProject section */

/* Begin PBXResourcesBuildPhase section */
		7BE939EE2943DB7C008C2726 /* Resources */ = {
			isa = PBXResourcesBuildPhase;
			buildActionMask = 2147483647;
			files = (
				7BE939FB2943DB7E008C2726 /* Preview Assets.xcassets in Resources */,
				7BE939F82943DB7E008C2726 /* Assets.xcassets in Resources */,
			);
			runOnlyForDeploymentPostprocessing = 0;
		};
		7BE93A032943DB7E008C2726 /* Resources */ = {
			isa = PBXResourcesBuildPhase;
			buildActionMask = 2147483647;
			files = (
			);
			runOnlyForDeploymentPostprocessing = 0;
		};
		7BE93A0D2943DB7E008C2726 /* Resources */ = {
			isa = PBXResourcesBuildPhase;
			buildActionMask = 2147483647;
			files = (
			);
			runOnlyForDeploymentPostprocessing = 0;
		};
/* End PBXResourcesBuildPhase section */

/* Begin PBXSourcesBuildPhase section */
		7BE939EC2943DB7C008C2726 /* Sources */ = {
			isa = PBXSourcesBuildPhase;
			buildActionMask = 2147483647;
			files = (
				7BE939FD2943DB7E008C2726 /* Persistence.swift in Sources */,
				7BE939F62943DB7C008C2726 /* ContentView.swift in Sources */,
				7BE93A002943DB7E008C2726 /* PomodroTimer.xcdatamodeld in Sources */,
				7BE939F42943DB7C008C2726 /* PomodroTimerApp.swift in Sources */,
			);
			runOnlyForDeploymentPostprocessing = 0;
		};
		7BE93A012943DB7E008C2726 /* Sources */ = {
			isa = PBXSourcesBuildPhase;
			buildActionMask = 2147483647;
			files = (
				7BE93A0A2943DB7E008C2726 /* PomodroTimerTests.swift in Sources */,
			);
			runOnlyForDeploymentPostprocessing = 0;
		};
		7BE93A0B2943DB7E008C2726 /* Sources */ = {
			isa = PBXSourcesBuildPhase;
			buildActionMask = 2147483647;
			files = (
				7BE93A142943DB7E008C2726 /* PomodroTimerUITests.swift in Sources */,
				7BE93A162943DB7E008C2726 /* PomodroTimerUITestsLaunchTests.swift in Sources */,
			);
			runOnlyForDeploymentPostprocessing = 0;
		};
/* End PBXSourcesBuildPhase section */

/* Begin PBXTargetDependency section */
		7BE93A072943DB7E008C2726 /* PBXTargetDependency */ = {
			isa = PBXTargetDependency;
			target = 7BE939EF2943DB7C008C2726 /* PomodroTimer */;
			targetProxy = 7BE93A062943DB7E008C2726 /* PBXContainerItemProxy */;
		};
		7BE93A112943DB7E008C2726 /* PBXTargetDependency */ = {
			isa = PBXTargetDependency;
			target = 7BE939EF2943DB7C008C2726 /* PomodroTimer */;
			targetProxy = 7BE93A102943DB7E008C2726 /* PBXContainerItemProxy */;
		};
/* End PBXTargetDependency section */

/* Begin XCBuildConfiguration section */
		7BE93A172943DB7E008C2726 /* Debug */ = {
			isa = XCBuildConfiguration;
			buildSettings = {
				ALWAYS_SEARCH_USER_PATHS = NO;
				CLANG_ANALYZER_NONNULL = YES;
				CLANG_ANALYZER_NUMBER_OBJECT_CONVERSION = YES_AGGRESSIVE;
				CLANG_CXX_LANGUAGE_STANDARD = "gnu++20";
				CLANG_ENABLE_MODULES = YES;
				CLANG_ENABLE_OBJC_ARC = YES;
				CLANG_ENABLE_OBJC_WEAK = YES;
				CLANG_WARN_BLOCK_CAPTURE_AUTORELEASING = YES;
				CLANG_WARN_BOOL_CONVERSION = YES;
				CLANG_WARN_COMMA = YES;
				CLANG_WARN_CONSTANT_CONVERSION = YES;
				CLANG_WARN_DEPRECATED_OBJC_IMPLEMENTATIONS = YES;
				CLANG_WARN_DIRECT_OBJC_ISA_USAGE = YES_ERROR;
				CLANG_WARN_DOCUMENTATION_COMMENTS = YES;
				CLANG_WARN_EMPTY_BODY = YES;
				CLANG_WARN_ENUM_CONVERSION = YES;
				CLANG_WARN_INFINITE_RECURSION = YES;
				CLANG_WARN_INT_CONVERSION = YES;
				CLANG_WARN_NON_LITERAL_NULL_CONVERSION = YES;
				CLANG_WARN_OBJC_IMPLICIT_RETAIN_SELF = YES;
				CLANG_WARN_OBJC_LITERAL_CONVERSION = YES;
				CLANG_WARN_OBJC_ROOT_CLASS = YES_ERROR;
				CLANG_WARN_QUOTED_INCLUDE_IN_FRAMEWORK_HEADER = YES;
				CLANG_WARN_RANGE_LOOP_ANALYSIS = YES;
				CLANG_WARN_STRICT_PROTOTYPES = YES;
				CLANG_WARN_SUSPICIOUS_MOVE = YES;
				CLANG_WARN_UNGUARDED_AVAILABILITY = YES_AGGRESSIVE;
				CLANG_WARN_UNREACHABLE_CODE = YES;
				CLANG_WARN__DUPLICATE_METHOD_MATCH = YES;
				COPY_PHASE_STRIP = NO;
				DEBUG_INFORMATION_FORMAT = dwarf;
				ENABLE_STRICT_OBJC_MSGSEND = YES;
				ENABLE_TESTABILITY = YES;
				GCC_C_LANGUAGE_STANDARD = gnu11;
				GCC_DYNAMIC_NO_PIC = NO;
				GCC_NO_COMMON_BLOCKS = YES;
				GCC_OPTIMIZATION_LEVEL = 0;
				GCC_PREPROCESSOR_DEFINITIONS = (
					"DEBUG=1",
					"$(inherited)",
				);
				GCC_WARN_64_TO_32_BIT_CONVERSION = YES;
				GCC_WARN_ABOUT_RETURN_TYPE = YES_ERROR;
				GCC_WARN_UNDECLARED_SELECTOR = YES;
				GCC_WARN_UNINITIALIZED_AUTOS = YES_AGGRESSIVE;
				GCC_WARN_UNUSED_FUNCTION = YES;
				GCC_WARN_UNUSED_VARIABLE = YES;
				IPHONEOS_DEPLOYMENT_TARGET = 16.1;
				MTL_ENABLE_DEBUG_INFO = INCLUDE_SOURCE;
				MTL_FAST_MATH = YES;
				ONLY_ACTIVE_ARCH = YES;
				SDKROOT = iphoneos;
				SWIFT_ACTIVE_COMPILATION_CONDITIONS = DEBUG;
				SWIFT_OPTIMIZATION_LEVEL = "-Onone";
			};
			name = Debug;
		};
		7BE93A182943DB7E008C2726 /* Release */ = {
			isa = XCBuildConfiguration;
			buildSettings = {
				ALWAYS_SEARCH_USER_PATHS = NO;
				CLANG_ANALYZER_NONNULL = YES;
				CLANG_ANALYZER_NUMBER_OBJECT_CONVERSION = YES_AGGRESSIVE;
				CLANG_CXX_LANGUAGE_STANDARD = "gnu++20";
				CLANG_ENABLE_MODULES = YES;
				CLANG_ENABLE_OBJC_ARC = YES;
				CLANG_ENABLE_OBJC_WEAK = YES;
				CLANG_WARN_BLOCK_CAPTURE_AUTORELEASING = YES;
				CLANG_WARN_BOOL_CONVERSION = YES;
				CLANG_WARN_COMMA = YES;
				CLANG_WARN_CONSTANT_CONVERSION = YES;
				CLANG_WARN_DEPRECATED_OBJC_IMPLEMENTATIONS = YES;
				CLANG_WARN_DIRECT_OBJC_ISA_USAGE = YES_ERROR;
				CLANG_WARN_DOCUMENTATION_COMMENTS = YES;
				CLANG_WARN_EMPTY_BODY = YES;
				CLANG_WARN_ENUM_CONVERSION = YES;
				CLANG_WARN_INFINITE_RECURSION = YES;
				CLANG_WARN_INT_CONVERSION = YES;
				CLANG_WARN_NON_LITERAL_NULL_CONVERSION = YES;
				CLANG_WARN_OBJC_IMPLICIT_RETAIN_SELF = YES;
				CLANG_WARN_OBJC_LITERAL_CONVERSION = YES;
				CLANG_WARN_OBJC_ROOT_CLASS = YES_ERROR;
				CLANG_WARN_QUOTED_INCLUDE_IN_FRAMEWORK_HEADER = YES;
				CLANG_WARN_RANGE_LOOP_ANALYSIS = YES;
				CLANG_WARN_STRICT_PROTOTYPES = YES;
				CLANG_WARN_SUSPICIOUS_MOVE = YES;
				CLANG_WARN_UNGUARDED_AVAILABILITY = YES_AGGRESSIVE;
				CLANG_WARN_UNREACHABLE_CODE = YES;
				CLANG_WARN__DUPLICATE_METHOD_MATCH = YES;
				COPY_PHASE_STRIP = NO;
				DEBUG_INFORMATION_FORMAT = "dwarf-with-dsym";
				ENABLE_NS_ASSERTIONS = NO;
				ENABLE_STRICT_OBJC_MSGSEND = YES;
				GCC_C_LANGUAGE_STANDARD = gnu11;
				GCC_NO_COMMON_BLOCKS = YES;
				GCC_WARN_64_TO_32_BIT_CONVERSION = YES;
				GCC_WARN_ABOUT_RETURN_TYPE = YES_ERROR;
				GCC_WARN_UNDECLARED_SELECTOR = YES;
				GCC_WARN_UNINITIALIZED_AUTOS = YES_AGGRESSIVE;
				GCC_WARN_UNUSED_FUNCTION = YES;
				GCC_WARN_UNUSED_VARIABLE = YES;
				IPHONEOS_DEPLOYMENT_TARGET = 16.1;
				MTL_ENABLE_DEBUG_INFO = NO;
				MTL_FAST_MATH = YES;
				SDKROOT = iphoneos;
				SWIFT_COMPILATION_MODE = wholemodule;
				SWIFT_OPTIMIZATION_LEVEL = "-O";
				VALIDATE_PRODUCT = YES;
			};
			name = Release;
		};
		7BE93A1A2943DB7E008C2726 /* Debug */ = {
			isa = XCBuildConfiguration;
			buildSettings = {
				ASSETCATALOG_COMPILER_APPICON_NAME = AppIcon;
				ASSETCATALOG_COMPILER_GLOBAL_ACCENT_COLOR_NAME = AccentColor;
				CODE_SIGN_STYLE = Automatic;
				CURRENT_PROJECT_VERSION = 1;
				DEVELOPMENT_ASSET_PATHS = "\"PomodroTimer/Preview Content\"";
				DEVELOPMENT_TEAM = XRR5P3RD3X;
				ENABLE_PREVIEWS = YES;
				GENERATE_INFOPLIST_FILE = YES;
				INFOPLIST_KEY_UIApplicationSceneManifest_Generation = YES;
				INFOPLIST_KEY_UIApplicationSupportsIndirectInputEvents = YES;
				INFOPLIST_KEY_UILaunchScreen_Generation = YES;
				INFOPLIST_KEY_UISupportedInterfaceOrientations_iPad = "UIInterfaceOrientationPortrait UIInterfaceOrientationPortraitUpsideDown UIInterfaceOrientationLandscapeLeft UIInterfaceOrientationLandscapeRight";
				INFOPLIST_KEY_UISupportedInterfaceOrientations_iPhone = "UIInterfaceOrientationPortrait UIInterfaceOrientationLandscapeLeft UIInterfaceOrientationLandscapeRight";
				LD_RUNPATH_SEARCH_PATHS = (
					"$(inherited)",
					"@executable_path/Frameworks",
				);
				MARKETING_VERSION = 1.0;
				PRODUCT_BUNDLE_IDENTIFIER = abdullahkaraboga.PomodroTimer;
				PRODUCT_NAME = "$(TARGET_NAME)";
				SWIFT_EMIT_LOC_STRINGS = YES;
				SWIFT_VERSION = 5.0;
				TARGETED_DEVICE_FAMILY = "1,2";
			};
			name = Debug;
		};
		7BE93A1B2943DB7E008C2726 /* Release */ = {
			isa = XCBuildConfiguration;
			buildSettings = {
				ASSETCATALOG_COMPILER_APPICON_NAME = AppIcon;
				ASSETCATALOG_COMPILER_GLOBAL_ACCENT_COLOR_NAME = AccentColor;
				CODE_SIGN_STYLE = Automatic;
				CURRENT_PROJECT_VERSION = 1;
				DEVELOPMENT_ASSET_PATHS = "\"PomodroTimer/Preview Content\"";
				DEVELOPMENT_TEAM = XRR5P3RD3X;
				ENABLE_PREVIEWS = YES;
				GENERATE_INFOPLIST_FILE = YES;
				INFOPLIST_KEY_UIApplicationSceneManifest_Generation = YES;
				INFOPLIST_KEY_UIApplicationSupportsIndirectInputEvents = YES;
				INFOPLIST_KEY_UILaunchScreen_Generation = YES;
				INFOPLIST_KEY_UISupportedInterfaceOrientations_iPad = "UIInterfaceOrientationPortrait UIInterfaceOrientationPortraitUpsideDown UIInterfaceOrientationLandscapeLeft UIInterfaceOrientationLandscapeRight";
				INFOPLIST_KEY_UISupportedInterfaceOrientations_iPhone = "UIInterfaceOrientationPortrait UIInterfaceOrientationLandscapeLeft UIInterfaceOrientationLandscapeRight";
				LD_RUNPATH_SEARCH_PATHS = (
					"$(inherited)",
					"@executable_path/Frameworks",
				);
				MARKETING_VERSION = 1.0;
				PRODUCT_BUNDLE_IDENTIFIER = abdullahkaraboga.PomodroTimer;
				PRODUCT_NAME = "$(TARGET_NAME)";
				SWIFT_EMIT_LOC_STRINGS = YES;
				SWIFT_VERSION = 5.0;
				TARGETED_DEVICE_FAMILY = "1,2";
			};
			name = Release;
		};
		7BE93A1D2943DB7E008C2726 /* Debug */ = {
			isa = XCBuildConfiguration;
			buildSettings = {
				ALWAYS_EMBED_SWIFT_STANDARD_LIBRARIES = YES;
				BUNDLE_LOADER = "$(TEST_HOST)";
				CODE_SIGN_STYLE = Automatic;
				CURRENT_PROJECT_VERSION = 1;
				DEVELOPMENT_TEAM = XRR5P3RD3X;
				GENERATE_INFOPLIST_FILE = YES;
				IPHONEOS_DEPLOYMENT_TARGET = 16.1;
				MARKETING_VERSION = 1.0;
				PRODUCT_BUNDLE_IDENTIFIER = abdullahkaraboga.PomodroTimerTests;
				PRODUCT_NAME = "$(TARGET_NAME)";
				SWIFT_EMIT_LOC_STRINGS = NO;
				SWIFT_VERSION = 5.0;
				TARGETED_DEVICE_FAMILY = "1,2";
				TEST_HOST = "$(BUILT_PRODUCTS_DIR)/PomodroTimer.app/$(BUNDLE_EXECUTABLE_FOLDER_PATH)/PomodroTimer";
			};
			name = Debug;
		};
		7BE93A1E2943DB7E008C2726 /* Release */ = {
			isa = XCBuildConfiguration;
			buildSettings = {
				ALWAYS_EMBED_SWIFT_STANDARD_LIBRARIES = YES;
				BUNDLE_LOADER = "$(TEST_HOST)";
				CODE_SIGN_STYLE = Automatic;
				CURRENT_PROJECT_VERSION = 1;
				DEVELOPMENT_TEAM = XRR5P3RD3X;
				GENERATE_INFOPLIST_FILE = YES;
				IPHONEOS_DEPLOYMENT_TARGET = 16.1;
				MARKETING_VERSION = 1.0;
				PRODUCT_BUNDLE_IDENTIFIER = abdullahkaraboga.PomodroTimerTests;
				PRODUCT_NAME = "$(TARGET_NAME)";
				SWIFT_EMIT_LOC_STRINGS = NO;
				SWIFT_VERSION = 5.0;
				TARGETED_DEVICE_FAMILY = "1,2";
				TEST_HOST = "$(BUILT_PRODUCTS_DIR)/PomodroTimer.app/$(BUNDLE_EXECUTABLE_FOLDER_PATH)/PomodroTimer";
			};
			name = Release;
		};
		7BE93A202943DB7E008C2726 /* Debug */ = {
			isa = XCBuildConfiguration;
			buildSettings = {
				ALWAYS_EMBED_SWIFT_STANDARD_LIBRARIES = YES;
				CODE_SIGN_STYLE = Automatic;
				CURRENT_PROJECT_VERSION = 1;
				DEVELOPMENT_TEAM = XRR5P3RD3X;
				GENERATE_INFOPLIST_FILE = YES;
				MARKETING_VERSION = 1.0;
				PRODUCT_BUNDLE_IDENTIFIER = abdullahkaraboga.PomodroTimerUITests;
				PRODUCT_NAME = "$(TARGET_NAME)";
				SWIFT_EMIT_LOC_STRINGS = NO;
				SWIFT_VERSION = 5.0;
				TARGETED_DEVICE_FAMILY = "1,2";
				TEST_TARGET_NAME = PomodroTimer;
			};
			name = Debug;
		};
		7BE93A212943DB7E008C2726 /* Release */ = {
			isa = XCBuildConfiguration;
			buildSettings = {
				ALWAYS_EMBED_SWIFT_STANDARD_LIBRARIES = YES;
				CODE_SIGN_STYLE = Automatic;
				CURRENT_PROJECT_VERSION = 1;
				DEVELOPMENT_TEAM = XRR5P3RD3X;
				GENERATE_INFOPLIST_FILE = YES;
				MARKETING_VERSION = 1.0;
				PRODUCT_BUNDLE_IDENTIFIER = abdullahkaraboga.PomodroTimerUITests;
				PRODUCT_NAME = "$(TARGET_NAME)";
				SWIFT_EMIT_LOC_STRINGS = NO;
				SWIFT_VERSION = 5.0;
				TARGETED_DEVICE_FAMILY = "1,2";
				TEST_TARGET_NAME = PomodroTimer;
			};
			name = Release;
		};
/* End XCBuildConfiguration section */

/* Begin XCConfigurationList section */
		7BE939EB2943DB7C008C2726 /* Build configuration list for PBXProject "PomodroTimer" */ = {
			isa = XCConfigurationList;
			buildConfigurations = (
				7BE93A172943DB7E008C2726 /* Debug */,
				7BE93A182943DB7E008C2726 /* Release */,
			);
			defaultConfigurationIsVisible = 0;
			defaultConfigurationName = Release;
		};
		7BE93A192943DB7E008C2726 /* Build configuration list for PBXNativeTarget "PomodroTimer" */ = {
			isa = XCConfigurationList;
			buildConfigurations = (
				7BE93A1A2943DB7E008C2726 /* Debug */,
				7BE93A1B2943DB7E008C2726 /* Release */,
			);
			defaultConfigurationIsVisible = 0;
			defaultConfigurationName = Release;
		};
		7BE93A1C2943DB7E008C2726 /* Build configuration list for PBXNativeTarget "PomodroTimerTests" */ = {
			isa = XCConfigurationList;
			buildConfigurations = (
				7BE93A1D2943DB7E008C2726 /* Debug */,
				7BE93A1E2943DB7E008C2726 /* Release */,
			);
			defaultConfigurationIsVisible = 0;
			defaultConfigurationName = Release;
		};
		7BE93A1F2943DB7E008C2726 /* Build configuration list for PBXNativeTarget "PomodroTimerUITests" */ = {
			isa = XCConfigurationList;
			buildConfigurations = (
				7BE93A202943DB7E008C2726 /* Debug */,
				7BE93A212943DB7E008C2726 /* Release */,
			);
			defaultConfigurationIsVisible = 0;
			defaultConfigurationName = Release;
		};
/* End XCConfigurationList section */

/* Begin XCVersionGroup section */
		7BE939FE2943DB7E008C2726 /* PomodroTimer.xcdatamodeld */ = {
			isa = XCVersionGroup;
			children = (
				7BE939FF2943DB7E008C2726 /* PomodroTimer.xcdatamodel */,
			);
			currentVersion = 7BE939FF2943DB7E008C2726 /* PomodroTimer.xcdatamodel */;
			path = PomodroTimer.xcdatamodeld;
			sourceTree = "<group>";
			versionGroupType = wrapper.xcdatamodel;
		};
/* End XCVersionGroup section */
	};
	rootObject = 7BE939E82943DB7C008C2726 /* Project object */;
}
